
Microsoft Visual Studio Solution File, Format Version 12.00
# Visual Studio Version 17
VisualStudioVersion = 17.9.34728.123
MinimumVisualStudioVersion = 10.0.40219.1
Project("{2150E333-8FDC-42A3-9474-1A3956D46DE8}") = "Services", "Services", "{217FE6B5-D770-4ED9-ABCC-5CD070B65B16}"
EndProject
Project("{2150E333-8FDC-42A3-9474-1A3956D46DE8}") = "Orders", "Orders", "{3813DCC7-CF1F-4246-BD4F-5640B2E367F5}"
EndProject
Project("{2150E333-8FDC-42A3-9474-1A3956D46DE8}") = "Invoices", "Invoices", "{D752BAB5-A9E9-4062-AC59-2F23EAF39078}"
EndProject
Project("{2150E333-8FDC-42A3-9474-1A3956D46DE8}") = "Mails", "Mails", "{CD323FE0-C861-426E-A320-7F5C67042F08}"
EndProject
Project("{9A19103F-16F7-4668-BE54-9A1E7A4F7556}") = "Orders.Api", "Services\Orders\Orders.Api\Orders.Api.csproj", "{5B9EFD52-58FC-47AD-935E-A91FC1904236}"
EndProject
Project("{9A19103F-16F7-4668-BE54-9A1E7A4F7556}") = "Orders.Core", "Services\Orders\Orders.Core\Orders.Core.csproj", "{87454DC4-AFAD-40B9-8FED-D70DCDDC6DCC}"
EndProject
Project("{9A19103F-16F7-4668-BE54-9A1E7A4F7556}") = "Orders.Application", "Services\Orders\Orders.Application\Orders.Application.csproj", "{7E5CC56D-FB6D-44A2-BC55-F9CCE53805BB}"
EndProject
Project("{9A19103F-16F7-4668-BE54-9A1E7A4F7556}") = "Orders.Infrastructure", "Services\Orders\Orders.Infrastructure\Orders.Infrastructure.csproj", "{79685BE0-44A0-40A5-A978-651C4282731C}"
EndProject
Project("{2150E333-8FDC-42A3-9474-1A3956D46DE8}") = "Identity", "Identity", "{62610805-CEEA-49F1-8A31-8D0E0665FDBA}"
EndProject
Project("{9A19103F-16F7-4668-BE54-9A1E7A4F7556}") = "Identity.Api", "Services\Identity\Identity.Api\Identity.Api.csproj", "{AFAF404D-A1D7-4150-9F09-564743B57D78}"
EndProject
Project("{FAE04EC0-301F-11D3-BF4B-00C04F79EFBC}") = "Invoices.Service", "Services\Invoices\Invoices.Services\Invoices.Service.csproj", "{2DAECF97-8D1D-4672-BD29-6F36E330BFCB}"
EndProject
Project("{FAE04EC0-301F-11D3-BF4B-00C04F79EFBC}") = "Mails.Service", "Services\Mails\Mails.Service\Mails.Service.csproj", "{C9EDAE34-2013-4441-B0CB-7EAAFA50DD73}"
EndProject
Project("{FAE04EC0-301F-11D3-BF4B-00C04F79EFBC}") = "Invoices.Application", "Services\Invoices\Invoices.Application\Invoices.Application.csproj", "{7F2E22EB-78EE-4AF5-B5C1-B69DDA2C2294}"
EndProject
Project("{FAE04EC0-301F-11D3-BF4B-00C04F79EFBC}") = "Mails.Application", "Services\Mails\Mails.Application\Mails.Application.csproj", "{97A655F3-BC95-4520-82DA-775333F89ABD}"
EndProject
Project("{FAE04EC0-301F-11D3-BF4B-00C04F79EFBC}") = "Invoices.Infrastructure", "Services\Invoices\Invoices.Infrastructure\Invoices.Infrastructure.csproj", "{8C957555-70AC-42BC-AF0E-DFA30AEB5591}"
EndProject
Project("{FAE04EC0-301F-11D3-BF4B-00C04F79EFBC}") = "Invoices.Core", "Services\Invoices\Invoices.Core\Invoices.Core.csproj", "{5DD0BEBA-41C6-4724-8832-E279C9214C6B}"
EndProject
Project("{FAE04EC0-301F-11D3-BF4B-00C04F79EFBC}") = "Mails.Infrastructure", "Services\Mails\Mails.Infrastructure\Mails.Infrastructure.csproj", "{01D19290-AA20-45AC-9633-88431ABC3AF1}"
EndProject
Project("{FAE04EC0-301F-11D3-BF4B-00C04F79EFBC}") = "Mails.Core", "Services\Mails\Mails.Core\Mails.Core.csproj", "{71054001-5534-48B8-8320-89FA24B44A19}"
EndProject
Global
	GlobalSection(SolutionConfigurationPlatforms) = preSolution
		Debug|Any CPU = Debug|Any CPU
		Release|Any CPU = Release|Any CPU
	EndGlobalSection
	GlobalSection(ProjectConfigurationPlatforms) = postSolution
		{5B9EFD52-58FC-47AD-935E-A91FC1904236}.Debug|Any CPU.ActiveCfg = Debug|Any CPU
		{5B9EFD52-58FC-47AD-935E-A91FC1904236}.Debug|Any CPU.Build.0 = Debug|Any CPU
		{5B9EFD52-58FC-47AD-935E-A91FC1904236}.Release|Any CPU.ActiveCfg = Release|Any CPU
		{5B9EFD52-58FC-47AD-935E-A91FC1904236}.Release|Any CPU.Build.0 = Release|Any CPU
		{87454DC4-AFAD-40B9-8FED-D70DCDDC6DCC}.Debug|Any CPU.ActiveCfg = Debug|Any CPU
		{87454DC4-AFAD-40B9-8FED-D70DCDDC6DCC}.Debug|Any CPU.Build.0 = Debug|Any CPU
		{87454DC4-AFAD-40B9-8FED-D70DCDDC6DCC}.Release|Any CPU.ActiveCfg = Release|Any CPU
		{87454DC4-AFAD-40B9-8FED-D70DCDDC6DCC}.Release|Any CPU.Build.0 = Release|Any CPU
		{7E5CC56D-FB6D-44A2-BC55-F9CCE53805BB}.Debug|Any CPU.ActiveCfg = Debug|Any CPU
		{7E5CC56D-FB6D-44A2-BC55-F9CCE53805BB}.Debug|Any CPU.Build.0 = Debug|Any CPU
		{7E5CC56D-FB6D-44A2-BC55-F9CCE53805BB}.Release|Any CPU.ActiveCfg = Release|Any CPU
		{7E5CC56D-FB6D-44A2-BC55-F9CCE53805BB}.Release|Any CPU.Build.0 = Release|Any CPU
		{79685BE0-44A0-40A5-A978-651C4282731C}.Debug|Any CPU.ActiveCfg = Debug|Any CPU
		{79685BE0-44A0-40A5-A978-651C4282731C}.Debug|Any CPU.Build.0 = Debug|Any CPU
		{79685BE0-44A0-40A5-A978-651C4282731C}.Release|Any CPU.ActiveCfg = Release|Any CPU
		{79685BE0-44A0-40A5-A978-651C4282731C}.Release|Any CPU.Build.0 = Release|Any CPU
		{AFAF404D-A1D7-4150-9F09-564743B57D78}.Debug|Any CPU.ActiveCfg = Debug|Any CPU
		{AFAF404D-A1D7-4150-9F09-564743B57D78}.Debug|Any CPU.Build.0 = Debug|Any CPU
		{AFAF404D-A1D7-4150-9F09-564743B57D78}.Release|Any CPU.ActiveCfg = Release|Any CPU
		{AFAF404D-A1D7-4150-9F09-564743B57D78}.Release|Any CPU.Build.0 = Release|Any CPU
		{2DAECF97-8D1D-4672-BD29-6F36E330BFCB}.Debug|Any CPU.ActiveCfg = Debug|Any CPU
		{2DAECF97-8D1D-4672-BD29-6F36E330BFCB}.Debug|Any CPU.Build.0 = Debug|Any CPU
		{2DAECF97-8D1D-4672-BD29-6F36E330BFCB}.Release|Any CPU.ActiveCfg = Release|Any CPU
		{2DAECF97-8D1D-4672-BD29-6F36E330BFCB}.Release|Any CPU.Build.0 = Release|Any CPU
		{C9EDAE34-2013-4441-B0CB-7EAAFA50DD73}.Debug|Any CPU.ActiveCfg = Debug|Any CPU
		{C9EDAE34-2013-4441-B0CB-7EAAFA50DD73}.Debug|Any CPU.Build.0 = Debug|Any CPU
		{C9EDAE34-2013-4441-B0CB-7EAAFA50DD73}.Release|Any CPU.ActiveCfg = Release|Any CPU
		{C9EDAE34-2013-4441-B0CB-7EAAFA50DD73}.Release|Any CPU.Build.0 = Release|Any CPU
		{7F2E22EB-78EE-4AF5-B5C1-B69DDA2C2294}.Debug|Any CPU.ActiveCfg = Debug|Any CPU
		{7F2E22EB-78EE-4AF5-B5C1-B69DDA2C2294}.Debug|Any CPU.Build.0 = Debug|Any CPU
		{7F2E22EB-78EE-4AF5-B5C1-B69DDA2C2294}.Release|Any CPU.ActiveCfg = Release|Any CPU
		{7F2E22EB-78EE-4AF5-B5C1-B69DDA2C2294}.Release|Any CPU.Build.0 = Release|Any CPU
		{97A655F3-BC95-4520-82DA-775333F89ABD}.Debug|Any CPU.ActiveCfg = Debug|Any CPU
		{97A655F3-BC95-4520-82DA-775333F89ABD}.Debug|Any CPU.Build.0 = Debug|Any CPU
		{97A655F3-BC95-4520-82DA-775333F89ABD}.Release|Any CPU.ActiveCfg = Release|Any CPU
		{97A655F3-BC95-4520-82DA-775333F89ABD}.Release|Any CPU.Build.0 = Release|Any CPU
		{8C957555-70AC-42BC-AF0E-DFA30AEB5591}.Debug|Any CPU.ActiveCfg = Debug|Any CPU
		{8C957555-70AC-42BC-AF0E-DFA30AEB5591}.Debug|Any CPU.Build.0 = Debug|Any CPU
		{8C957555-70AC-42BC-AF0E-DFA30AEB5591}.Release|Any CPU.ActiveCfg = Release|Any CPU
		{8C957555-70AC-42BC-AF0E-DFA30AEB5591}.Release|Any CPU.Build.0 = Release|Any CPU
		{5DD0BEBA-41C6-4724-8832-E279C9214C6B}.Debug|Any CPU.ActiveCfg = Debug|Any CPU
		{5DD0BEBA-41C6-4724-8832-E279C9214C6B}.Debug|Any CPU.Build.0 = Debug|Any CPU
		{5DD0BEBA-41C6-4724-8832-E279C9214C6B}.Release|Any CPU.ActiveCfg = Release|Any CPU
		{5DD0BEBA-41C6-4724-8832-E279C9214C6B}.Release|Any CPU.Build.0 = Release|Any CPU
		{01D19290-AA20-45AC-9633-88431ABC3AF1}.Debug|Any CPU.ActiveCfg = Debug|Any CPU
		{01D19290-AA20-45AC-9633-88431ABC3AF1}.Debug|Any CPU.Build.0 = Debug|Any CPU
		{01D19290-AA20-45AC-9633-88431ABC3AF1}.Release|Any CPU.ActiveCfg = Release|Any CPU
		{01D19290-AA20-45AC-9633-88431ABC3AF1}.Release|Any CPU.Build.0 = Release|Any CPU
		{71054001-5534-48B8-8320-89FA24B44A19}.Debug|Any CPU.ActiveCfg = Debug|Any CPU
		{71054001-5534-48B8-8320-89FA24B44A19}.Debug|Any CPU.Build.0 = Debug|Any CPU
		{71054001-5534-48B8-8320-89FA24B44A19}.Release|Any CPU.ActiveCfg = Release|Any CPU
		{71054001-5534-48B8-8320-89FA24B44A19}.Release|Any CPU.Build.0 = Release|Any CPU
	EndGlobalSection
	GlobalSection(SolutionProperties) = preSolution
		HideSolutionNode = FALSE
	EndGlobalSection
	GlobalSection(NestedProjects) = preSolution
		{3813DCC7-CF1F-4246-BD4F-5640B2E367F5} = {217FE6B5-D770-4ED9-ABCC-5CD070B65B16}
		{D752BAB5-A9E9-4062-AC59-2F23EAF39078} = {217FE6B5-D770-4ED9-ABCC-5CD070B65B16}
		{CD323FE0-C861-426E-A320-7F5C67042F08} = {217FE6B5-D770-4ED9-ABCC-5CD070B65B16}
		{5B9EFD52-58FC-47AD-935E-A91FC1904236} = {3813DCC7-CF1F-4246-BD4F-5640B2E367F5}
		{87454DC4-AFAD-40B9-8FED-D70DCDDC6DCC} = {3813DCC7-CF1F-4246-BD4F-5640B2E367F5}
		{7E5CC56D-FB6D-44A2-BC55-F9CCE53805BB} = {3813DCC7-CF1F-4246-BD4F-5640B2E367F5}
		{79685BE0-44A0-40A5-A978-651C4282731C} = {3813DCC7-CF1F-4246-BD4F-5640B2E367F5}
		{62610805-CEEA-49F1-8A31-8D0E0665FDBA} = {217FE6B5-D770-4ED9-ABCC-5CD070B65B16}
		{AFAF404D-A1D7-4150-9F09-564743B57D78} = {62610805-CEEA-49F1-8A31-8D0E0665FDBA}
		{2DAECF97-8D1D-4672-BD29-6F36E330BFCB} = {D752BAB5-A9E9-4062-AC59-2F23EAF39078}
		{C9EDAE34-2013-4441-B0CB-7EAAFA50DD73} = {CD323FE0-C861-426E-A320-7F5C67042F08}
		{7F2E22EB-78EE-4AF5-B5C1-B69DDA2C2294} = {D752BAB5-A9E9-4062-AC59-2F23EAF39078}
		{97A655F3-BC95-4520-82DA-775333F89ABD} = {CD323FE0-C861-426E-A320-7F5C67042F08}
		{8C957555-70AC-42BC-AF0E-DFA30AEB5591} = {D752BAB5-A9E9-4062-AC59-2F23EAF39078}
		{5DD0BEBA-41C6-4724-8832-E279C9214C6B} = {D752BAB5-A9E9-4062-AC59-2F23EAF39078}
		{01D19290-AA20-45AC-9633-88431ABC3AF1} = {CD323FE0-C861-426E-A320-7F5C67042F08}
		{71054001-5534-48B8-8320-89FA24B44A19} = {CD323FE0-C861-426E-A320-7F5C67042F08}
	EndGlobalSection
	GlobalSection(ExtensibilityGlobals) = postSolution
		SolutionGuid = {DE6DA1C5-D23E-41A5-B7A9-5E84C9977F68}
	EndGlobalSection
EndGlobal
